// !$*UTF8*$!
{
	archiveVersion = 1;
	classes = {
	};
	objectVersion = 56;
	objects = {

/* Begin PBXBuildFile section */
		D835427029EF0C4E00E733BF /* characters 1.mlmodel in Sources */ = {isa = PBXBuildFile; fileRef = D835426F29EF0C4E00E733BF /* characters 1.mlmodel */; };
		D857243F29D4CD6800AB512E /* DigitsClassifier 1 copy.mlmodel in Sources */ = {isa = PBXBuildFile; fileRef = D857243E29D4CD6800AB512E /* DigitsClassifier 1 copy.mlmodel */; };
		D895302829BA5E7E00110493 /* DigitsApp.swift in Sources */ = {isa = PBXBuildFile; fileRef = D895302729BA5E7E00110493 /* DigitsApp.swift */; };
		D895302A29BA5E7E00110493 /* ContentView.swift in Sources */ = {isa = PBXBuildFile; fileRef = D895302929BA5E7E00110493 /* ContentView.swift */; };
		D895302C29BA5E7F00110493 /* Assets.xcassets in Resources */ = {isa = PBXBuildFile; fileRef = D895302B29BA5E7F00110493 /* Assets.xcassets */; };
		D895302F29BA5E7F00110493 /* Preview Assets.xcassets in Resources */ = {isa = PBXBuildFile; fileRef = D895302E29BA5E7F00110493 /* Preview Assets.xcassets */; };
		D895303D29BC45D400110493 /* DigitsClassifier.mlmodel in Sources */ = {isa = PBXBuildFile; fileRef = D895303C29BC45D400110493 /* DigitsClassifier.mlmodel */; };
/* End PBXBuildFile section */

/* Begin PBXFileReference section */
		D835426F29EF0C4E00E733BF /* characters 1.mlmodel */ = {isa = PBXFileReference; lastKnownFileType = file.mlmodel; path = "characters 1.mlmodel"; sourceTree = SOURCE_ROOT; };
		D857243E29D4CD6800AB512E /* DigitsClassifier 1 copy.mlmodel */ = {isa = PBXFileReference; lastKnownFileType = file.mlmodel; path = "DigitsClassifier 1 copy.mlmodel"; sourceTree = SOURCE_ROOT; };
		D895302429BA5E7E00110493 /* Digits.app */ = {isa = PBXFileReference; explicitFileType = wrapper.application; includeInIndex = 0; path = Digits.app; sourceTree = BUILT_PRODUCTS_DIR; };
		D895302729BA5E7E00110493 /* DigitsApp.swift */ = {isa = PBXFileReference; lastKnownFileType = sourcecode.swift; path = DigitsApp.swift; sourceTree = "<group>"; };
		D895302929BA5E7E00110493 /* ContentView.swift */ = {isa = PBXFileReference; lastKnownFileType = sourcecode.swift; path = ContentView.swift; sourceTree = "<group>"; };
		D895302B29BA5E7F00110493 /* Assets.xcassets */ = {isa = PBXFileReference; lastKnownFileType = folder.assetcatalog; path = Assets.xcassets; sourceTree = "<group>"; };
		D895302E29BA5E7F00110493 /* Preview Assets.xcassets */ = {isa = PBXFileReference; lastKnownFileType = folder.assetcatalog; path = "Preview Assets.xcassets"; sourceTree = "<group>"; };
		D895303C29BC45D400110493 /* DigitsClassifier.mlmodel */ = {isa = PBXFileReference; lastKnownFileType = file.mlmodel; path = DigitsClassifier.mlmodel; sourceTree = SOURCE_ROOT; };
		D8E1B79229C0E5F4002E6551 /* Info.plist */ = {isa = PBXFileReference; lastKnownFileType = text.plist; path = Info.plist; sourceTree = "<group>"; };
		D8E1B79429C0E602002E6551 /* Digits.xcodeproj */ = {isa = PBXFileReference; lastKnownFileType = "wrapper.pb-project"; path = Digits.xcodeproj; sourceTree = "<group>"; };
		D8E1B79829C0E636002E6551 /* swift-image */ = {isa = PBXFileReference; lastKnownFileType = wrapper; name = "swift-image"; path = "Digits/swift-image"; sourceTree = "<group>"; };
/* End PBXFileReference section */

/* Begin PBXFrameworksBuildPhase section */
		D895302129BA5E7E00110493 /* Frameworks */ = {
			isa = PBXFrameworksBuildPhase;
			buildActionMask = 2147483647;
			files = (
			);
			runOnlyForDeploymentPostprocessing = 0;
		};
/* End PBXFrameworksBuildPhase section */

/* Begin PBXGroup section */
		D895301B29BA5E7E00110493 = {
			isa = PBXGroup;
			children = (
				D8E1B79729C0E636002E6551 /* Packages */,
				D895302629BA5E7E00110493 /* Digits */,
				D895302529BA5E7E00110493 /* Products */,
				D8E1B79329C0E602002E6551 /* Frameworks */,
			);
			sourceTree = "<group>";
		};
		D895302529BA5E7E00110493 /* Products */ = {
			isa = PBXGroup;
			children = (
				D895302429BA5E7E00110493 /* Digits.app */,
			);
			name = Products;
			sourceTree = "<group>";
		};
		D895302629BA5E7E00110493 /* Digits */ = {
			isa = PBXGroup;
			children = (
				D8E1B79229C0E5F4002E6551 /* Info.plist */,
				D895302729BA5E7E00110493 /* DigitsApp.swift */,
				D895302929BA5E7E00110493 /* ContentView.swift */,
				D895302B29BA5E7F00110493 /* Assets.xcassets */,
				D835426F29EF0C4E00E733BF /* characters 1.mlmodel */,
				D895303C29BC45D400110493 /* DigitsClassifier.mlmodel */,
				D857243E29D4CD6800AB512E /* DigitsClassifier 1 copy.mlmodel */,
				D895302D29BA5E7F00110493 /* Preview Content */,
			);
			path = Digits;
			sourceTree = "<group>";
		};
		D895302D29BA5E7F00110493 /* Preview Content */ = {
			isa = PBXGroup;
			children = (
				D895302E29BA5E7F00110493 /* Preview Assets.xcassets */,
			);
			path = "Preview Content";
			sourceTree = "<group>";
		};
		D8E1B79329C0E602002E6551 /* Frameworks */ = {
			isa = PBXGroup;
			children = (
				D8E1B79429C0E602002E6551 /* Digits.xcodeproj */,
			);
			name = Frameworks;
			sourceTree = "<group>";
		};
		D8E1B79529C0E602002E6551 /* Products */ = {
			isa = PBXGroup;
			name = Products;
			sourceTree = "<group>";
		};
		D8E1B79729C0E636002E6551 /* Packages */ = {
			isa = PBXGroup;
			children = (
				D8E1B79829C0E636002E6551 /* swift-image */,
			);
			name = Packages;
			sourceTree = "<group>";
		};
/* End PBXGroup section */

/* Begin PBXNativeTarget section */
		D895302329BA5E7E00110493 /* Digits */ = {
			isa = PBXNativeTarget;
			buildConfigurationList = D895303229BA5E7F00110493 /* Build configuration list for PBXNativeTarget "Digits" */;
			buildPhases = (
				D895302029BA5E7E00110493 /* Sources */,
				D895302129BA5E7E00110493 /* Frameworks */,
				D895302229BA5E7E00110493 /* Resources */,
			);
			buildRules = (
			);
			dependencies = (
			);
			name = Digits;
			productName = Digits;
			productReference = D895302429BA5E7E00110493 /* Digits.app */;
			productType = "com.apple.product-type.application";
		};
/* End PBXNativeTarget section */

/* Begin PBXProject section */
		D895301C29BA5E7E00110493 /* Project object */ = {
			isa = PBXProject;
			attributes = {
				BuildIndependentTargetsInParallel = 1;
				LastSwiftUpdateCheck = 1420;
				LastUpgradeCheck = 1420;
				TargetAttributes = {
					D895302329BA5E7E00110493 = {
						CreatedOnToolsVersion = 14.2;
					};
				};
			};
			buildConfigurationList = D895301F29BA5E7E00110493 /* Build configuration list for PBXProject "Digits" */;
			compatibilityVersion = "Xcode 14.0";
			developmentRegion = en;
			hasScannedForEncodings = 0;
			knownRegions = (
				en,
				Base,
			);
			mainGroup = D895301B29BA5E7E00110493;
			productRefGroup = D895302529BA5E7E00110493 /* Products */;
			projectDirPath = "";
			projectReferences = (
				{
					ProductGroup = D8E1B79529C0E602002E6551 /* Products */;
					ProjectRef = D8E1B79429C0E602002E6551 /* Digits.xcodeproj */;
				},
			);
			projectRoot = "";
			targets = (
				D895302329BA5E7E00110493 /* Digits */,
			);
		};
/* End PBXProject section */

/* Begin PBXResourcesBuildPhase section */
		D895302229BA5E7E00110493 /* Resources */ = {
			isa = PBXResourcesBuildPhase;
			buildActionMask = 2147483647;
			files = (
				D895302F29BA5E7F00110493 /* Preview Assets.xcassets in Resources */,
				D895302C29BA5E7F00110493 /* Assets.xcassets in Resources */,
			);
			runOnlyForDeploymentPostprocessing = 0;
		};
/* End PBXResourcesBuildPhase section */

/* Begin PBXSourcesBuildPhase section */
		D895302029BA5E7E00110493 /* Sources */ = {
			isa = PBXSourcesBuildPhase;
			buildActionMask = 2147483647;
			files = (
				D857243F29D4CD6800AB512E /* DigitsClassifier 1 copy.mlmodel in Sources */,
				D895302A29BA5E7E00110493 /* ContentView.swift in Sources */,
				D895302829BA5E7E00110493 /* DigitsApp.swift in Sources */,
				D895303D29BC45D400110493 /* DigitsClassifier.mlmodel in Sources */,
				D835427029EF0C4E00E733BF /* characters 1.mlmodel in Sources */,
			);
			runOnlyForDeploymentPostprocessing = 0;
		};
/* End PBXSourcesBuildPhase section */

/* Begin XCBuildConfiguration section */
		D895303029BA5E7F00110493 /* Debug */ = {
			isa = XCBuildConfiguration;
			buildSettings = {
				ALWAYS_SEARCH_USER_PATHS = NO;
				CLANG_ANALYZER_NONNULL = YES;
				CLANG_ANALYZER_NUMBER_OBJECT_CONVERSION = YES_AGGRESSIVE;
				CLANG_CXX_LANGUAGE_STANDARD = "gnu++20";
				CLANG_ENABLE_MODULES = YES;
				CLANG_ENABLE_OBJC_ARC = YES;
				CLANG_ENABLE_OBJC_WEAK = YES;
				CLANG_WARN_BLOCK_CAPTURE_AUTORELEASING = YES;
				CLANG_WARN_BOOL_CONVERSION = YES;
				CLANG_WARN_COMMA = YES;
				CLANG_WARN_CONSTANT_CONVERSION = YES;
				CLANG_WARN_DEPRECATED_OBJC_IMPLEMENTATIONS = YES;
				CLANG_WARN_DIRECT_OBJC_ISA_USAGE = YES_ERROR;
				CLANG_WARN_DOCUMENTATION_COMMENTS = YES;
				CLANG_WARN_EMPTY_BODY = YES;
				CLANG_WARN_ENUM_CONVERSION = YES;
				CLANG_WARN_INFINITE_RECURSION = YES;
				CLANG_WARN_INT_CONVERSION = YES;
				CLANG_WARN_NON_LITERAL_NULL_CONVERSION = YES;
				CLANG_WARN_OBJC_IMPLICIT_RETAIN_SELF = YES;
				CLANG_WARN_OBJC_LITERAL_CONVERSION = YES;
				CLANG_WARN_OBJC_ROOT_CLASS = YES_ERROR;
				CLANG_WARN_QUOTED_INCLUDE_IN_FRAMEWORK_HEADER = YES;
				CLANG_WARN_RANGE_LOOP_ANALYSIS = YES;
				CLANG_WARN_STRICT_PROTOTYPES = YES;
				CLANG_WARN_SUSPICIOUS_MOVE = YES;
				CLANG_WARN_UNGUARDED_AVAILABILITY = YES_AGGRESSIVE;
				CLANG_WARN_UNREACHABLE_CODE = YES;
				CLANG_WARN__DUPLICATE_METHOD_MATCH = YES;
				COPY_PHASE_STRIP = NO;
				DEBUG_INFORMATION_FORMAT = dwarf;
				ENABLE_STRICT_OBJC_MSGSEND = YES;
				ENABLE_TESTABILITY = YES;
				GCC_C_LANGUAGE_STANDARD = gnu11;
				GCC_DYNAMIC_NO_PIC = NO;
				GCC_NO_COMMON_BLOCKS = YES;
				GCC_OPTIMIZATION_LEVEL = 0;
				GCC_PREPROCESSOR_DEFINITIONS = (
					"DEBUG=1",
					"$(inherited)",
				);
				GCC_WARN_64_TO_32_BIT_CONVERSION = YES;
				GCC_WARN_ABOUT_RETURN_TYPE = YES_ERROR;
				GCC_WARN_UNDECLARED_SELECTOR = YES;
				GCC_WARN_UNINITIALIZED_AUTOS = YES_AGGRESSIVE;
				GCC_WARN_UNUSED_FUNCTION = YES;
				GCC_WARN_UNUSED_VARIABLE = YES;
				IPHONEOS_DEPLOYMENT_TARGET = 16.2;
				MTL_ENABLE_DEBUG_INFO = INCLUDE_SOURCE;
				MTL_FAST_MATH = YES;
				ONLY_ACTIVE_ARCH = YES;
				SDKROOT = iphoneos;
				SWIFT_ACTIVE_COMPILATION_CONDITIONS = DEBUG;
				SWIFT_OPTIMIZATION_LEVEL = "-Onone";
			};
			name = Debug;
		};
		D895303129BA5E7F00110493 /* Release */ = {
			isa = XCBuildConfiguration;
			buildSettings = {
				ALWAYS_SEARCH_USER_PATHS = NO;
				CLANG_ANALYZER_NONNULL = YES;
				CLANG_ANALYZER_NUMBER_OBJECT_CONVERSION = YES_AGGRESSIVE;
				CLANG_CXX_LANGUAGE_STANDARD = "gnu++20";
				CLANG_ENABLE_MODULES = YES;
				CLANG_ENABLE_OBJC_ARC = YES;
				CLANG_ENABLE_OBJC_WEAK = YES;
				CLANG_WARN_BLOCK_CAPTURE_AUTORELEASING = YES;
				CLANG_WARN_BOOL_CONVERSION = YES;
				CLANG_WARN_COMMA = YES;
				CLANG_WARN_CONSTANT_CONVERSION = YES;
				CLANG_WARN_DEPRECATED_OBJC_IMPLEMENTATIONS = YES;
				CLANG_WARN_DIRECT_OBJC_ISA_USAGE = YES_ERROR;
				CLANG_WARN_DOCUMENTATION_COMMENTS = YES;
				CLANG_WARN_EMPTY_BODY = YES;
				CLANG_WARN_ENUM_CONVERSION = YES;
				CLANG_WARN_INFINITE_RECURSION = YES;
				CLANG_WARN_INT_CONVERSION = YES;
				CLANG_WARN_NON_LITERAL_NULL_CONVERSION = YES;
				CLANG_WARN_OBJC_IMPLICIT_RETAIN_SELF = YES;
				CLANG_WARN_OBJC_LITERAL_CONVERSION = YES;
				CLANG_WARN_OBJC_ROOT_CLASS = YES_ERROR;
				CLANG_WARN_QUOTED_INCLUDE_IN_FRAMEWORK_HEADER = YES;
				CLANG_WARN_RANGE_LOOP_ANALYSIS = YES;
				CLANG_WARN_STRICT_PROTOTYPES = YES;
				CLANG_WARN_SUSPICIOUS_MOVE = YES;
				CLANG_WARN_UNGUARDED_AVAILABILITY = YES_AGGRESSIVE;
				CLANG_WARN_UNREACHABLE_CODE = YES;
				CLANG_WARN__DUPLICATE_METHOD_MATCH = YES;
				COPY_PHASE_STRIP = NO;
				DEBUG_INFORMATION_FORMAT = "dwarf-with-dsym";
				ENABLE_NS_ASSERTIONS = NO;
				ENABLE_STRICT_OBJC_MSGSEND = YES;
				GCC_C_LANGUAGE_STANDARD = gnu11;
				GCC_NO_COMMON_BLOCKS = YES;
				GCC_WARN_64_TO_32_BIT_CONVERSION = YES;
				GCC_WARN_ABOUT_RETURN_TYPE = YES_ERROR;
				GCC_WARN_UNDECLARED_SELECTOR = YES;
				GCC_WARN_UNINITIALIZED_AUTOS = YES_AGGRESSIVE;
				GCC_WARN_UNUSED_FUNCTION = YES;
				GCC_WARN_UNUSED_VARIABLE = YES;
				IPHONEOS_DEPLOYMENT_TARGET = 16.2;
				MTL_ENABLE_DEBUG_INFO = NO;
				MTL_FAST_MATH = YES;
				SDKROOT = iphoneos;
				SWIFT_COMPILATION_MODE = wholemodule;
				SWIFT_OPTIMIZATION_LEVEL = "-O";
				VALIDATE_PRODUCT = YES;
			};
			name = Release;
		};
		D895303329BA5E7F00110493 /* Debug */ = {
			isa = XCBuildConfiguration;
			buildSettings = {
				ASSETCATALOG_COMPILER_APPICON_NAME = AppIcon;
				ASSETCATALOG_COMPILER_GLOBAL_ACCENT_COLOR_NAME = AccentColor;
				CODE_SIGN_STYLE = Automatic;
				CURRENT_PROJECT_VERSION = 1;
				DEVELOPMENT_ASSET_PATHS = "\"Digits/Preview Content\"";
				DEVELOPMENT_TEAM = 656SN975LH;
				ENABLE_PREVIEWS = YES;
				GENERATE_INFOPLIST_FILE = YES;
				INFOPLIST_FILE = Digits/Info.plist;
				INFOPLIST_KEY_UIApplicationSceneManifest_Generation = YES;
				INFOPLIST_KEY_UIApplicationSupportsIndirectInputEvents = YES;
				INFOPLIST_KEY_UILaunchScreen_Generation = YES;
				INFOPLIST_KEY_UISupportedInterfaceOrientations_iPad = "UIInterfaceOrientationPortrait UIInterfaceOrientationPortraitUpsideDown UIInterfaceOrientationLandscapeLeft UIInterfaceOrientationLandscapeRight";
				INFOPLIST_KEY_UISupportedInterfaceOrientations_iPhone = "UIInterfaceOrientationPortrait UIInterfaceOrientationLandscapeLeft UIInterfaceOrientationLandscapeRight";
				IPHONEOS_DEPLOYMENT_TARGET = 16.1.1;
				LD_RUNPATH_SEARCH_PATHS = (
					"$(inherited)",
					"@executable_path/Frameworks",
				);
				MARKETING_VERSION = 1.0;
				PRODUCT_BUNDLE_IDENTIFIER = "nathan-kawamoto.Digits";
				PRODUCT_NAME = "$(TARGET_NAME)";
				SWIFT_EMIT_LOC_STRINGS = YES;
				SWIFT_VERSION = 5.0;
				TARGETED_DEVICE_FAMILY = "1,2";
			};
			name = Debug;
		};
		D895303429BA5E7F00110493 /* Release */ = {
			isa = XCBuildConfiguration;
			buildSettings = {
				ASSETCATALOG_COMPILER_APPICON_NAME = AppIcon;
				ASSETCATALOG_COMPILER_GLOBAL_ACCENT_COLOR_NAME = AccentColor;
				CODE_SIGN_STYLE = Automatic;
				CURRENT_PROJECT_VERSION = 1;
				DEVELOPMENT_ASSET_PATHS = "\"Digits/Preview Content\"";
				DEVELOPMENT_TEAM = 656SN975LH;
				ENABLE_PREVIEWS = YES;
				GENERATE_INFOPLIST_FILE = YES;
				INFOPLIST_FILE = Digits/Info.plist;
				INFOPLIST_KEY_UIApplicationSceneManifest_Generation = YES;
				INFOPLIST_KEY_UIApplicationSupportsIndirectInputEvents = YES;
				INFOPLIST_KEY_UILaunchScreen_Generation = YES;
				INFOPLIST_KEY_UISupportedInterfaceOrientations_iPad = "UIInterfaceOrientationPortrait UIInterfaceOrientationPortraitUpsideDown UIInterfaceOrientationLandscapeLeft UIInterfaceOrientationLandscapeRight";
				INFOPLIST_KEY_UISupportedInterfaceOrientations_iPhone = "UIInterfaceOrientationPortrait UIInterfaceOrientationLandscapeLeft UIInterfaceOrientationLandscapeRight";
				IPHONEOS_DEPLOYMENT_TARGET = 16.1.1;
				LD_RUNPATH_SEARCH_PATHS = (
					"$(inherited)",
					"@executable_path/Frameworks",
				);
				MARKETING_VERSION = 1.0;
				PRODUCT_BUNDLE_IDENTIFIER = "nathan-kawamoto.Digits";
				PRODUCT_NAME = "$(TARGET_NAME)";
				SWIFT_EMIT_LOC_STRINGS = YES;
				SWIFT_VERSION = 5.0;
				TARGETED_DEVICE_FAMILY = "1,2";
			};
			name = Release;
		};
/* End XCBuildConfiguration section */

/* Begin XCConfigurationList section */
		D895301F29BA5E7E00110493 /* Build configuration list for PBXProject "Digits" */ = {
			isa = XCConfigurationList;
			buildConfigurations = (
				D895303029BA5E7F00110493 /* Debug */,
				D895303129BA5E7F00110493 /* Release */,
			);
			defaultConfigurationIsVisible = 0;
			defaultConfigurationName = Release;
		};
		D895303229BA5E7F00110493 /* Build configuration list for PBXNativeTarget "Digits" */ = {
			isa = XCConfigurationList;
			buildConfigurations = (
				D895303329BA5E7F00110493 /* Debug */,
				D895303429BA5E7F00110493 /* Release */,
			);
			defaultConfigurationIsVisible = 0;
			defaultConfigurationName = Release;
		};
/* End XCConfigurationList section */
	};
	rootObject = D895301C29BA5E7E00110493 /* Project object */;
}
